# THIS IS AN AUTOGENERATED FILE. DO NOT EDIT THIS FILE DIRECTLY.
# yarn lockfile v1


video-stream-merger@^3.3.1:
  version "3.3.1"
  resolved "https://registry.yarnpkg.com/video-stream-merger/-/video-stream-merger-3.3.1.tgz#e0f5eee719be199ac43ca86796dc81278a1457f8"
  integrity sha512-aQdlEUGp7r3HkQram6zom4QDzwIXeLo6XzST1e+1v3atkZoC0mIIFhuv0z/MHk8Yi6EN53u2jT8GbzqmxjUmnQ==
